// !$*UTF8*$!
{
	archiveVersion = 1;
	classes = {
	};
	objectVersion = 55;
	objects = {

/* Begin PBXBuildFile section */
		D580118E27D97B4C008B9CF6 /* APICaller.swift in Sources */ = {isa = PBXBuildFile; fileRef = D580118D27D97B4C008B9CF6 /* APICaller.swift */; };
		D580119027D9ACA7008B9CF6 /* Title.swift in Sources */ = {isa = PBXBuildFile; fileRef = D580118F27D9ACA7008B9CF6 /* Title.swift */; };
		D580119227D9E346008B9CF6 /* Extensions.swift in Sources */ = {isa = PBXBuildFile; fileRef = D580119127D9E346008B9CF6 /* Extensions.swift */; };
		D580119627DAE3E1008B9CF6 /* TitleCollectionViewCell.swift in Sources */ = {isa = PBXBuildFile; fileRef = D580119527DAE3E1008B9CF6 /* TitleCollectionViewCell.swift */; };
		D580119927DAE528008B9CF6 /* SDWebImage in Frameworks */ = {isa = PBXBuildFile; productRef = D580119827DAE528008B9CF6 /* SDWebImage */; };
		D580119B27DAE528008B9CF6 /* SDWebImageMapKit in Frameworks */ = {isa = PBXBuildFile; productRef = D580119A27DAE528008B9CF6 /* SDWebImageMapKit */; };
		D580119D27DB3CEA008B9CF6 /* TitleTableViewCell.swift in Sources */ = {isa = PBXBuildFile; fileRef = D580119C27DB3CEA008B9CF6 /* TitleTableViewCell.swift */; };
		D580119F27DB5D11008B9CF6 /* TitleViewModel.swift in Sources */ = {isa = PBXBuildFile; fileRef = D580119E27DB5D11008B9CF6 /* TitleViewModel.swift */; };
		D58011A127DB94B5008B9CF6 /* SearchResultsViewController.swift in Sources */ = {isa = PBXBuildFile; fileRef = D58011A027DB94B5008B9CF6 /* SearchResultsViewController.swift */; };
		D58011A527DC09FB008B9CF6 /* YoutubeSearchResponse.swift in Sources */ = {isa = PBXBuildFile; fileRef = D58011A427DC09FB008B9CF6 /* YoutubeSearchResponse.swift */; };
		D58011A727DC0D83008B9CF6 /* TitlePreviewViewController.swift in Sources */ = {isa = PBXBuildFile; fileRef = D58011A627DC0D83008B9CF6 /* TitlePreviewViewController.swift */; };
		D58011A927DC1038008B9CF6 /* TitlePreviewViewModel.swift in Sources */ = {isa = PBXBuildFile; fileRef = D58011A827DC1038008B9CF6 /* TitlePreviewViewModel.swift */; };
		D5B14F2827D708F300C51033 /* AppDelegate.swift in Sources */ = {isa = PBXBuildFile; fileRef = D5B14F2727D708F300C51033 /* AppDelegate.swift */; };
		D5B14F2A27D708F300C51033 /* SceneDelegate.swift in Sources */ = {isa = PBXBuildFile; fileRef = D5B14F2927D708F300C51033 /* SceneDelegate.swift */; };
		D5B14F2C27D708F300C51033 /* MainTabBarViewController.swift in Sources */ = {isa = PBXBuildFile; fileRef = D5B14F2B27D708F300C51033 /* MainTabBarViewController.swift */; };
		D5B14F3127D708F400C51033 /* Assets.xcassets in Resources */ = {isa = PBXBuildFile; fileRef = D5B14F3027D708F400C51033 /* Assets.xcassets */; };
		D5B14F3427D708F400C51033 /* LaunchScreen.storyboard in Resources */ = {isa = PBXBuildFile; fileRef = D5B14F3227D708F400C51033 /* LaunchScreen.storyboard */; };
		D5B14F3D27D7111C00C51033 /* HomeViewController.swift in Sources */ = {isa = PBXBuildFile; fileRef = D5B14F3C27D7111C00C51033 /* HomeViewController.swift */; };
		D5B14F3F27D7113900C51033 /* UpcomingViewController.swift in Sources */ = {isa = PBXBuildFile; fileRef = D5B14F3E27D7113900C51033 /* UpcomingViewController.swift */; };
		D5B14F4127D7115700C51033 /* SearchViewController.swift in Sources */ = {isa = PBXBuildFile; fileRef = D5B14F4027D7115700C51033 /* SearchViewController.swift */; };
		D5B14F4327D7116F00C51033 /* DownloadsViewController.swift in Sources */ = {isa = PBXBuildFile; fileRef = D5B14F4227D7116F00C51033 /* DownloadsViewController.swift */; };
		D5B14F4C27D7174E00C51033 /* CollectionViewTableViewCell.swift in Sources */ = {isa = PBXBuildFile; fileRef = D5B14F4B27D7174E00C51033 /* CollectionViewTableViewCell.swift */; };
		D5B14F4E27D71DA400C51033 /* HeroHeaderUIView.swift in Sources */ = {isa = PBXBuildFile; fileRef = D5B14F4D27D71DA400C51033 /* HeroHeaderUIView.swift */; };
/* End PBXBuildFile section */

/* Begin PBXFileReference section */
		D580118D27D97B4C008B9CF6 /* APICaller.swift */ = {isa = PBXFileReference; lastKnownFileType = sourcecode.swift; path = APICaller.swift; sourceTree = "<group>"; };
		D580118F27D9ACA7008B9CF6 /* Title.swift */ = {isa = PBXFileReference; lastKnownFileType = sourcecode.swift; path = Title.swift; sourceTree = "<group>"; };
		D580119127D9E346008B9CF6 /* Extensions.swift */ = {isa = PBXFileReference; lastKnownFileType = sourcecode.swift; path = Extensions.swift; sourceTree = "<group>"; };
		D580119527DAE3E1008B9CF6 /* TitleCollectionViewCell.swift */ = {isa = PBXFileReference; lastKnownFileType = sourcecode.swift; path = TitleCollectionViewCell.swift; sourceTree = "<group>"; };
		D580119C27DB3CEA008B9CF6 /* TitleTableViewCell.swift */ = {isa = PBXFileReference; lastKnownFileType = sourcecode.swift; path = TitleTableViewCell.swift; sourceTree = "<group>"; };
		D580119E27DB5D11008B9CF6 /* TitleViewModel.swift */ = {isa = PBXFileReference; lastKnownFileType = sourcecode.swift; path = TitleViewModel.swift; sourceTree = "<group>"; };
		D58011A027DB94B5008B9CF6 /* SearchResultsViewController.swift */ = {isa = PBXFileReference; lastKnownFileType = sourcecode.swift; path = SearchResultsViewController.swift; sourceTree = "<group>"; };
		D58011A427DC09FB008B9CF6 /* YoutubeSearchResponse.swift */ = {isa = PBXFileReference; lastKnownFileType = sourcecode.swift; path = YoutubeSearchResponse.swift; sourceTree = "<group>"; };
		D58011A627DC0D83008B9CF6 /* TitlePreviewViewController.swift */ = {isa = PBXFileReference; lastKnownFileType = sourcecode.swift; path = TitlePreviewViewController.swift; sourceTree = "<group>"; };
		D58011A827DC1038008B9CF6 /* TitlePreviewViewModel.swift */ = {isa = PBXFileReference; lastKnownFileType = sourcecode.swift; path = TitlePreviewViewModel.swift; sourceTree = "<group>"; };
		D5B14F2427D708F300C51033 /* MoveeApps.app */ = {isa = PBXFileReference; explicitFileType = wrapper.application; includeInIndex = 0; path = MoveeApps.app; sourceTree = BUILT_PRODUCTS_DIR; };
		D5B14F2727D708F300C51033 /* AppDelegate.swift */ = {isa = PBXFileReference; lastKnownFileType = sourcecode.swift; path = AppDelegate.swift; sourceTree = "<group>"; };
		D5B14F2927D708F300C51033 /* SceneDelegate.swift */ = {isa = PBXFileReference; lastKnownFileType = sourcecode.swift; path = SceneDelegate.swift; sourceTree = "<group>"; };
		D5B14F2B27D708F300C51033 /* MainTabBarViewController.swift */ = {isa = PBXFileReference; lastKnownFileType = sourcecode.swift; path = MainTabBarViewController.swift; sourceTree = "<group>"; };
		D5B14F3027D708F400C51033 /* Assets.xcassets */ = {isa = PBXFileReference; lastKnownFileType = folder.assetcatalog; path = Assets.xcassets; sourceTree = "<group>"; };
		D5B14F3327D708F400C51033 /* Base */ = {isa = PBXFileReference; lastKnownFileType = file.storyboard; name = Base; path = Base.lproj/LaunchScreen.storyboard; sourceTree = "<group>"; };
		D5B14F3527D708F400C51033 /* Info.plist */ = {isa = PBXFileReference; lastKnownFileType = text.plist.xml; path = Info.plist; sourceTree = "<group>"; };
		D5B14F3C27D7111C00C51033 /* HomeViewController.swift */ = {isa = PBXFileReference; lastKnownFileType = sourcecode.swift; path = HomeViewController.swift; sourceTree = "<group>"; };
		D5B14F3E27D7113900C51033 /* UpcomingViewController.swift */ = {isa = PBXFileReference; lastKnownFileType = sourcecode.swift; path = UpcomingViewController.swift; sourceTree = "<group>"; };
		D5B14F4027D7115700C51033 /* SearchViewController.swift */ = {isa = PBXFileReference; lastKnownFileType = sourcecode.swift; path = SearchViewController.swift; sourceTree = "<group>"; };
		D5B14F4227D7116F00C51033 /* DownloadsViewController.swift */ = {isa = PBXFileReference; lastKnownFileType = sourcecode.swift; path = DownloadsViewController.swift; sourceTree = "<group>"; };
		D5B14F4B27D7174E00C51033 /* CollectionViewTableViewCell.swift */ = {isa = PBXFileReference; lastKnownFileType = sourcecode.swift; path = CollectionViewTableViewCell.swift; sourceTree = "<group>"; };
		D5B14F4D27D71DA400C51033 /* HeroHeaderUIView.swift */ = {isa = PBXFileReference; lastKnownFileType = sourcecode.swift; path = HeroHeaderUIView.swift; sourceTree = "<group>"; };
/* End PBXFileReference section */

/* Begin PBXFrameworksBuildPhase section */
		D5B14F2127D708F300C51033 /* Frameworks */ = {
			isa = PBXFrameworksBuildPhase;
			buildActionMask = 2147483647;
			files = (
				D580119B27DAE528008B9CF6 /* SDWebImageMapKit in Frameworks */,
				D580119927DAE528008B9CF6 /* SDWebImage in Frameworks */,
			);
			runOnlyForDeploymentPostprocessing = 0;
		};
/* End PBXFrameworksBuildPhase section */

/* Begin PBXGroup section */
		D58011A227DB94E4008B9CF6 /* Core */ = {
			isa = PBXGroup;
			children = (
				D5B14F3C27D7111C00C51033 /* HomeViewController.swift */,
				D5B14F3E27D7113900C51033 /* UpcomingViewController.swift */,
				D5B14F4027D7115700C51033 /* SearchViewController.swift */,
				D5B14F4227D7116F00C51033 /* DownloadsViewController.swift */,
			);
			path = Core;
			sourceTree = "<group>";
		};
		D58011A327DB94F1008B9CF6 /* General */ = {
			isa = PBXGroup;
			children = (
				D58011A627DC0D83008B9CF6 /* TitlePreviewViewController.swift */,
				D58011A027DB94B5008B9CF6 /* SearchResultsViewController.swift */,
			);
			path = General;
			sourceTree = "<group>";
		};
		D5B14F1B27D708F300C51033 = {
			isa = PBXGroup;
			children = (
				D5B14F2627D708F300C51033 /* MoveeApps */,
				D5B14F2527D708F300C51033 /* Products */,
			);
			sourceTree = "<group>";
		};
		D5B14F2527D708F300C51033 /* Products */ = {
			isa = PBXGroup;
			children = (
				D5B14F2427D708F300C51033 /* MoveeApps.app */,
			);
			name = Products;
			sourceTree = "<group>";
		};
		D5B14F2627D708F300C51033 /* MoveeApps */ = {
			isa = PBXGroup;
			children = (
				D5D3FE3327E829E500DBDCB6 /* VIPER */,
				D5B14F2727D708F300C51033 /* AppDelegate.swift */,
				D5B14F2927D708F300C51033 /* SceneDelegate.swift */,
				D5B14F3027D708F400C51033 /* Assets.xcassets */,
				D5B14F3227D708F400C51033 /* LaunchScreen.storyboard */,
				D5B14F3527D708F400C51033 /* Info.plist */,
			);
			path = MoveeApps;
			sourceTree = "<group>";
		};
		D5B14F4427D715E300C51033 /* ViewModels */ = {
			isa = PBXGroup;
			children = (
				D580119E27DB5D11008B9CF6 /* TitleViewModel.swift */,
				D58011A827DC1038008B9CF6 /* TitlePreviewViewModel.swift */,
			);
			path = ViewModels;
			sourceTree = "<group>";
		};
		D5B14F4527D715ED00C51033 /* View */ = {
			isa = PBXGroup;
			children = (
				D5B14F4B27D7174E00C51033 /* CollectionViewTableViewCell.swift */,
				D5B14F4D27D71DA400C51033 /* HeroHeaderUIView.swift */,
				D580119527DAE3E1008B9CF6 /* TitleCollectionViewCell.swift */,
				D580119C27DB3CEA008B9CF6 /* TitleTableViewCell.swift */,
			);
			path = View;
			sourceTree = "<group>";
		};
		D5B14F4627D715FC00C51033 /* Models */ = {
			isa = PBXGroup;
			children = (
				D580118F27D9ACA7008B9CF6 /* Title.swift */,
				D58011A427DC09FB008B9CF6 /* YoutubeSearchResponse.swift */,
			);
			path = Models;
			sourceTree = "<group>";
		};
		D5B14F4727D7160800C51033 /* Resources */ = {
			isa = PBXGroup;
			children = (
				D580119127D9E346008B9CF6 /* Extensions.swift */,
			);
			path = Resources;
			sourceTree = "<group>";
		};
		D5D3FE3327E829E500DBDCB6 /* VIPER */ = {
			isa = PBXGroup;
			children = (
				D5D3FE4227E82E5E00DBDCB6 /* View */,
				D5D3FE4127E82E5D00DBDCB6 /* Interactor */,
				D5D3FE4027E82E5A00DBDCB6 /* Presenter */,
				D5D3FE3F27E82E5900DBDCB6 /* Entity */,
				D5D3FE3E27E82E5700DBDCB6 /* Router */,
				D5B14F4727D7160800C51033 /* Resources */,
			);
			path = VIPER;
			sourceTree = "<group>";
		};
		D5D3FE3E27E82E5700DBDCB6 /* Router */ = {
			isa = PBXGroup;
			children = (
				D5B14F2B27D708F300C51033 /* MainTabBarViewController.swift */,
			);
			path = Router;
			sourceTree = "<group>";
		};
		D5D3FE3F27E82E5900DBDCB6 /* Entity */ = {
			isa = PBXGroup;
			children = (
				D5B14F4627D715FC00C51033 /* Models */,
				D5B14F4427D715E300C51033 /* ViewModels */,
			);
			path = Entity;
			sourceTree = "<group>";
		};
		D5D3FE4027E82E5A00DBDCB6 /* Presenter */ = {
			isa = PBXGroup;
			children = (
				D58011A227DB94E4008B9CF6 /* Core */,
				D58011A327DB94F1008B9CF6 /* General */,
			);
			path = Presenter;
			sourceTree = "<group>";
		};
		D5D3FE4127E82E5D00DBDCB6 /* Interactor */ = {
			isa = PBXGroup;
			children = (
				D580118D27D97B4C008B9CF6 /* APICaller.swift */,
			);
			path = Interactor;
			sourceTree = "<group>";
		};
		D5D3FE4227E82E5E00DBDCB6 /* View */ = {
			isa = PBXGroup;
			children = (
				D5B14F4527D715ED00C51033 /* View */,
			);
			path = View;
			sourceTree = "<group>";
		};
/* End PBXGroup section */

/* Begin PBXNativeTarget section */
		D5B14F2327D708F300C51033 /* MoveeApps */ = {
			isa = PBXNativeTarget;
			buildConfigurationList = D5B14F3827D708F400C51033 /* Build configuration list for PBXNativeTarget "MoveeApps" */;
			buildPhases = (
				D5B14F2027D708F300C51033 /* Sources */,
				D5B14F2127D708F300C51033 /* Frameworks */,
				D5B14F2227D708F300C51033 /* Resources */,
			);
			buildRules = (
			);
			dependencies = (
			);
			name = MoveeApps;
			packageProductDependencies = (
				D580119827DAE528008B9CF6 /* SDWebImage */,
				D580119A27DAE528008B9CF6 /* SDWebImageMapKit */,
			);
			productName = NetflixClone;
			productReference = D5B14F2427D708F300C51033 /* MoveeApps.app */;
			productType = "com.apple.product-type.application";
		};
/* End PBXNativeTarget section */

/* Begin PBXProject section */
		D5B14F1C27D708F300C51033 /* Project object */ = {
			isa = PBXProject;
			attributes = {
				BuildIndependentTargetsInParallel = 1;
				LastSwiftUpdateCheck = 1320;
				LastUpgradeCheck = 1320;
				TargetAttributes = {
					D5B14F2327D708F300C51033 = {
						CreatedOnToolsVersion = 13.2.1;
					};
				};
			};
			buildConfigurationList = D5B14F1F27D708F300C51033 /* Build configuration list for PBXProject "MoveeApps" */;
			compatibilityVersion = "Xcode 13.0";
			developmentRegion = en;
			hasScannedForEncodings = 0;
			knownRegions = (
				en,
				Base,
			);
			mainGroup = D5B14F1B27D708F300C51033;
			packageReferences = (
				D580119727DAE528008B9CF6 /* XCRemoteSwiftPackageReference "SDWebImage" */,
			);
			productRefGroup = D5B14F2527D708F300C51033 /* Products */;
			projectDirPath = "";
			projectRoot = "";
			targets = (
				D5B14F2327D708F300C51033 /* MoveeApps */,
			);
		};
/* End PBXProject section */

/* Begin PBXResourcesBuildPhase section */
		D5B14F2227D708F300C51033 /* Resources */ = {
			isa = PBXResourcesBuildPhase;
			buildActionMask = 2147483647;
			files = (
				D5B14F3427D708F400C51033 /* LaunchScreen.storyboard in Resources */,
				D5B14F3127D708F400C51033 /* Assets.xcassets in Resources */,
			);
			runOnlyForDeploymentPostprocessing = 0;
		};
/* End PBXResourcesBuildPhase section */

/* Begin PBXSourcesBuildPhase section */
		D5B14F2027D708F300C51033 /* Sources */ = {
			isa = PBXSourcesBuildPhase;
			buildActionMask = 2147483647;
			files = (
				D580119D27DB3CEA008B9CF6 /* TitleTableViewCell.swift in Sources */,
				D5B14F4127D7115700C51033 /* SearchViewController.swift in Sources */,
				D58011A727DC0D83008B9CF6 /* TitlePreviewViewController.swift in Sources */,
				D580119627DAE3E1008B9CF6 /* TitleCollectionViewCell.swift in Sources */,
				D5B14F2C27D708F300C51033 /* MainTabBarViewController.swift in Sources */,
				D5B14F4C27D7174E00C51033 /* CollectionViewTableViewCell.swift in Sources */,
				D580118E27D97B4C008B9CF6 /* APICaller.swift in Sources */,
				D5B14F4E27D71DA400C51033 /* HeroHeaderUIView.swift in Sources */,
				D5B14F4327D7116F00C51033 /* DownloadsViewController.swift in Sources */,
				D5B14F2827D708F300C51033 /* AppDelegate.swift in Sources */,
				D58011A527DC09FB008B9CF6 /* YoutubeSearchResponse.swift in Sources */,
				D58011A127DB94B5008B9CF6 /* SearchResultsViewController.swift in Sources */,
				D580119227D9E346008B9CF6 /* Extensions.swift in Sources */,
				D58011A927DC1038008B9CF6 /* TitlePreviewViewModel.swift in Sources */,
				D5B14F2A27D708F300C51033 /* SceneDelegate.swift in Sources */,
				D5B14F3F27D7113900C51033 /* UpcomingViewController.swift in Sources */,
				D580119027D9ACA7008B9CF6 /* Title.swift in Sources */,
				D5B14F3D27D7111C00C51033 /* HomeViewController.swift in Sources */,
				D580119F27DB5D11008B9CF6 /* TitleViewModel.swift in Sources */,
			);
			runOnlyForDeploymentPostprocessing = 0;
		};
/* End PBXSourcesBuildPhase section */

/* Begin PBXVariantGroup section */
		D5B14F3227D708F400C51033 /* LaunchScreen.storyboard */ = {
			isa = PBXVariantGroup;
			children = (
				D5B14F3327D708F400C51033 /* Base */,
			);
			name = LaunchScreen.storyboard;
			sourceTree = "<group>";
		};
/* End PBXVariantGroup section */

/* Begin XCBuildConfiguration section */
		D5B14F3627D708F400C51033 /* Debug */ = {
			isa = XCBuildConfiguration;
			buildSettings = {
				ALWAYS_SEARCH_USER_PATHS = NO;
				CLANG_ANALYZER_NONNULL = YES;
				CLANG_ANALYZER_NUMBER_OBJECT_CONVERSION = YES_AGGRESSIVE;
				CLANG_CXX_LANGUAGE_STANDARD = "gnu++17";
				CLANG_CXX_LIBRARY = "libc++";
				CLANG_ENABLE_MODULES = YES;
				CLANG_ENABLE_OBJC_ARC = YES;
				CLANG_ENABLE_OBJC_WEAK = YES;
				CLANG_WARN_BLOCK_CAPTURE_AUTORELEASING = YES;
				CLANG_WARN_BOOL_CONVERSION = YES;
				CLANG_WARN_COMMA = YES;
				CLANG_WARN_CONSTANT_CONVERSION = YES;
				CLANG_WARN_DEPRECATED_OBJC_IMPLEMENTATIONS = YES;
				CLANG_WARN_DIRECT_OBJC_ISA_USAGE = YES_ERROR;
				CLANG_WARN_DOCUMENTATION_COMMENTS = YES;
				CLANG_WARN_EMPTY_BODY = YES;
				CLANG_WARN_ENUM_CONVERSION = YES;
				CLANG_WARN_INFINITE_RECURSION = YES;
				CLANG_WARN_INT_CONVERSION = YES;
				CLANG_WARN_NON_LITERAL_NULL_CONVERSION = YES;
				CLANG_WARN_OBJC_IMPLICIT_RETAIN_SELF = YES;
				CLANG_WARN_OBJC_LITERAL_CONVERSION = YES;
				CLANG_WARN_OBJC_ROOT_CLASS = YES_ERROR;
				CLANG_WARN_QUOTED_INCLUDE_IN_FRAMEWORK_HEADER = YES;
				CLANG_WARN_RANGE_LOOP_ANALYSIS = YES;
				CLANG_WARN_STRICT_PROTOTYPES = YES;
				CLANG_WARN_SUSPICIOUS_MOVE = YES;
				CLANG_WARN_UNGUARDED_AVAILABILITY = YES_AGGRESSIVE;
				CLANG_WARN_UNREACHABLE_CODE = YES;
				CLANG_WARN__DUPLICATE_METHOD_MATCH = YES;
				COPY_PHASE_STRIP = NO;
				DEBUG_INFORMATION_FORMAT = dwarf;
				ENABLE_STRICT_OBJC_MSGSEND = YES;
				ENABLE_TESTABILITY = YES;
				GCC_C_LANGUAGE_STANDARD = gnu11;
				GCC_DYNAMIC_NO_PIC = NO;
				GCC_NO_COMMON_BLOCKS = YES;
				GCC_OPTIMIZATION_LEVEL = 0;
				GCC_PREPROCESSOR_DEFINITIONS = (
					"DEBUG=1",
					"$(inherited)",
				);
				GCC_WARN_64_TO_32_BIT_CONVERSION = YES;
				GCC_WARN_ABOUT_RETURN_TYPE = YES_ERROR;
				GCC_WARN_UNDECLARED_SELECTOR = YES;
				GCC_WARN_UNINITIALIZED_AUTOS = YES_AGGRESSIVE;
				GCC_WARN_UNUSED_FUNCTION = YES;
				GCC_WARN_UNUSED_VARIABLE = YES;
				IPHONEOS_DEPLOYMENT_TARGET = 15.2;
				MTL_ENABLE_DEBUG_INFO = INCLUDE_SOURCE;
				MTL_FAST_MATH = YES;
				ONLY_ACTIVE_ARCH = YES;
				SDKROOT = iphoneos;
				SWIFT_ACTIVE_COMPILATION_CONDITIONS = DEBUG;
				SWIFT_OPTIMIZATION_LEVEL = "-Onone";
			};
			name = Debug;
		};
		D5B14F3727D708F400C51033 /* Release */ = {
			isa = XCBuildConfiguration;
			buildSettings = {
				ALWAYS_SEARCH_USER_PATHS = NO;
				CLANG_ANALYZER_NONNULL = YES;
				CLANG_ANALYZER_NUMBER_OBJECT_CONVERSION = YES_AGGRESSIVE;
				CLANG_CXX_LANGUAGE_STANDARD = "gnu++17";
				CLANG_CXX_LIBRARY = "libc++";
				CLANG_ENABLE_MODULES = YES;
				CLANG_ENABLE_OBJC_ARC = YES;
				CLANG_ENABLE_OBJC_WEAK = YES;
				CLANG_WARN_BLOCK_CAPTURE_AUTORELEASING = YES;
				CLANG_WARN_BOOL_CONVERSION = YES;
				CLANG_WARN_COMMA = YES;
				CLANG_WARN_CONSTANT_CONVERSION = YES;
				CLANG_WARN_DEPRECATED_OBJC_IMPLEMENTATIONS = YES;
				CLANG_WARN_DIRECT_OBJC_ISA_USAGE = YES_ERROR;
				CLANG_WARN_DOCUMENTATION_COMMENTS = YES;
				CLANG_WARN_EMPTY_BODY = YES;
				CLANG_WARN_ENUM_CONVERSION = YES;
				CLANG_WARN_INFINITE_RECURSION = YES;
				CLANG_WARN_INT_CONVERSION = YES;
				CLANG_WARN_NON_LITERAL_NULL_CONVERSION = YES;
				CLANG_WARN_OBJC_IMPLICIT_RETAIN_SELF = YES;
				CLANG_WARN_OBJC_LITERAL_CONVERSION = YES;
				CLANG_WARN_OBJC_ROOT_CLASS = YES_ERROR;
				CLANG_WARN_QUOTED_INCLUDE_IN_FRAMEWORK_HEADER = YES;
				CLANG_WARN_RANGE_LOOP_ANALYSIS = YES;
				CLANG_WARN_STRICT_PROTOTYPES = YES;
				CLANG_WARN_SUSPICIOUS_MOVE = YES;
				CLANG_WARN_UNGUARDED_AVAILABILITY = YES_AGGRESSIVE;
				CLANG_WARN_UNREACHABLE_CODE = YES;
				CLANG_WARN__DUPLICATE_METHOD_MATCH = YES;
				COPY_PHASE_STRIP = NO;
				DEBUG_INFORMATION_FORMAT = "dwarf-with-dsym";
				ENABLE_NS_ASSERTIONS = NO;
				ENABLE_STRICT_OBJC_MSGSEND = YES;
				GCC_C_LANGUAGE_STANDARD = gnu11;
				GCC_NO_COMMON_BLOCKS = YES;
				GCC_WARN_64_TO_32_BIT_CONVERSION = YES;
				GCC_WARN_ABOUT_RETURN_TYPE = YES_ERROR;
				GCC_WARN_UNDECLARED_SELECTOR = YES;
				GCC_WARN_UNINITIALIZED_AUTOS = YES_AGGRESSIVE;
				GCC_WARN_UNUSED_FUNCTION = YES;
				GCC_WARN_UNUSED_VARIABLE = YES;
				IPHONEOS_DEPLOYMENT_TARGET = 15.2;
				MTL_ENABLE_DEBUG_INFO = NO;
				MTL_FAST_MATH = YES;
				SDKROOT = iphoneos;
				SWIFT_COMPILATION_MODE = wholemodule;
				SWIFT_OPTIMIZATION_LEVEL = "-O";
				VALIDATE_PRODUCT = YES;
			};
			name = Release;
		};
		D5B14F3927D708F400C51033 /* Debug */ = {
			isa = XCBuildConfiguration;
			buildSettings = {
				ASSETCATALOG_COMPILER_APPICON_NAME = AppIcon;
				ASSETCATALOG_COMPILER_GLOBAL_ACCENT_COLOR_NAME = AccentColor;
				CODE_SIGN_STYLE = Automatic;
				CURRENT_PROJECT_VERSION = 1;
				DEVELOPMENT_TEAM = 65GSHJ8762;
				GENERATE_INFOPLIST_FILE = YES;
				INFOPLIST_FILE = MoveeApps/Info.plist;
				INFOPLIST_KEY_UIApplicationSupportsIndirectInputEvents = YES;
				INFOPLIST_KEY_UILaunchStoryboardName = LaunchScreen;
				INFOPLIST_KEY_UISupportedInterfaceOrientations_iPad = "UIInterfaceOrientationPortrait UIInterfaceOrientationPortraitUpsideDown UIInterfaceOrientationLandscapeLeft UIInterfaceOrientationLandscapeRight";
				INFOPLIST_KEY_UISupportedInterfaceOrientations_iPhone = "UIInterfaceOrientationPortrait UIInterfaceOrientationLandscapeLeft UIInterfaceOrientationLandscapeRight";
				LD_RUNPATH_SEARCH_PATHS = (
					"$(inherited)",
					"@executable_path/Frameworks",
				);
				MARKETING_VERSION = 1.0;
				PRODUCT_BUNDLE_IDENTIFIER = com.apicahaya.MoveeApps;
				PRODUCT_NAME = "$(TARGET_NAME)";
				SWIFT_EMIT_LOC_STRINGS = YES;
				SWIFT_VERSION = 5.0;
				TARGETED_DEVICE_FAMILY = "1,2";
			};
			name = Debug;
		};
		D5B14F3A27D708F400C51033 /* Release */ = {
			isa = XCBuildConfiguration;
			buildSettings = {
				ASSETCATALOG_COMPILER_APPICON_NAME = AppIcon;
				ASSETCATALOG_COMPILER_GLOBAL_ACCENT_COLOR_NAME = AccentColor;
				CODE_SIGN_STYLE = Automatic;
				CURRENT_PROJECT_VERSION = 1;
				DEVELOPMENT_TEAM = 65GSHJ8762;
				GENERATE_INFOPLIST_FILE = YES;
				INFOPLIST_FILE = MoveeApps/Info.plist;
				INFOPLIST_KEY_UIApplicationSupportsIndirectInputEvents = YES;
				INFOPLIST_KEY_UILaunchStoryboardName = LaunchScreen;
				INFOPLIST_KEY_UISupportedInterfaceOrientations_iPad = "UIInterfaceOrientationPortrait UIInterfaceOrientationPortraitUpsideDown UIInterfaceOrientationLandscapeLeft UIInterfaceOrientationLandscapeRight";
				INFOPLIST_KEY_UISupportedInterfaceOrientations_iPhone = "UIInterfaceOrientationPortrait UIInterfaceOrientationLandscapeLeft UIInterfaceOrientationLandscapeRight";
				LD_RUNPATH_SEARCH_PATHS = (
					"$(inherited)",
					"@executable_path/Frameworks",
				);
				MARKETING_VERSION = 1.0;
				PRODUCT_BUNDLE_IDENTIFIER = com.apicahaya.MoveeApps;
				PRODUCT_NAME = "$(TARGET_NAME)";
				SWIFT_EMIT_LOC_STRINGS = YES;
				SWIFT_VERSION = 5.0;
				TARGETED_DEVICE_FAMILY = "1,2";
			};
			name = Release;
		};
/* End XCBuildConfiguration section */

/* Begin XCConfigurationList section */
		D5B14F1F27D708F300C51033 /* Build configuration list for PBXProject "MoveeApps" */ = {
			isa = XCConfigurationList;
			buildConfigurations = (
				D5B14F3627D708F400C51033 /* Debug */,
				D5B14F3727D708F400C51033 /* Release */,
			);
			defaultConfigurationIsVisible = 0;
			defaultConfigurationName = Release;
		};
		D5B14F3827D708F400C51033 /* Build configuration list for PBXNativeTarget "MoveeApps" */ = {
			isa = XCConfigurationList;
			buildConfigurations = (
				D5B14F3927D708F400C51033 /* Debug */,
				D5B14F3A27D708F400C51033 /* Release */,
			);
			defaultConfigurationIsVisible = 0;
			defaultConfigurationName = Release;
		};
/* End XCConfigurationList section */

/* Begin XCRemoteSwiftPackageReference section */
		D580119727DAE528008B9CF6 /* XCRemoteSwiftPackageReference "SDWebImage" */ = {
			isa = XCRemoteSwiftPackageReference;
			repositoryURL = "https://github.com/SDWebImage/SDWebImage.git";
			requirement = {
				kind = upToNextMajorVersion;
				minimumVersion = 5.0.0;
			};
		};
/* End XCRemoteSwiftPackageReference section */

/* Begin XCSwiftPackageProductDependency section */
		D580119827DAE528008B9CF6 /* SDWebImage */ = {
			isa = XCSwiftPackageProductDependency;
			package = D580119727DAE528008B9CF6 /* XCRemoteSwiftPackageReference "SDWebImage" */;
			productName = SDWebImage;
		};
		D580119A27DAE528008B9CF6 /* SDWebImageMapKit */ = {
			isa = XCSwiftPackageProductDependency;
			package = D580119727DAE528008B9CF6 /* XCRemoteSwiftPackageReference "SDWebImage" */;
			productName = SDWebImageMapKit;
		};
/* End XCSwiftPackageProductDependency section */
	};
	rootObject = D5B14F1C27D708F300C51033 /* Project object */;
}
